
Microsoft Visual Studio Solution File, Format Version 12.00
# Visual Studio Version 17
VisualStudioVersion = 17.5.33424.131
MinimumVisualStudioVersion = 10.0.40219.1
Project("{8BC9CEB8-8B4A-11D0-8D11-00A0C91BC942}") = "HotelManagementSystem", "HotelManagementSystem.vcxproj", "{F9053D92-5A42-4F04-A5FA-44EC57BC40BF}"
EndProject
Global
	GlobalSection(SolutionConfigurationPlatforms) = preSolution
		Debug|x64 = Debug|x64
		Debug|x86 = Debug|x86
		Release|x64 = Release|x64
		Release|x86 = Release|x86
	EndGlobalSection
	GlobalSection(ProjectConfigurationPlatforms) = postSolution
		{F9053D92-5A42-4F04-A5FA-44EC57BC40BF}.Debug|x64.ActiveCfg = Debug|x64
		{F9053D92-5A42-4F04-A5FA-44EC57BC40BF}.Debug|x64.Build.0 = Debug|x64
		{F9053D92-5A42-4F04-A5FA-44EC57BC40BF}.Debug|x86.ActiveCfg = Debug|Win32
		{F9053D92-5A42-4F04-A5FA-44EC57BC40BF}.Debug|x86.Build.0 = Debug|Win32
		{F9053D92-5A42-4F04-A5FA-44EC57BC40BF}.Release|x64.ActiveCfg = Release|x64
		{F9053D92-5A42-4F04-A5FA-44EC57BC40BF}.Release|x64.Build.0 = Release|x64
		{F9053D92-5A42-4F04-A5FA-44EC57BC40BF}.Release|x86.ActiveCfg = Release|Win32
		{F9053D92-5A42-4F04-A5FA-44EC57BC40BF}.Release|x86.Build.0 = Release|Win32
	EndGlobalSection
	GlobalSection(SolutionProperties) = preSolution
		HideSolutionNode = FALSE
	EndGlobalSection
	GlobalSection(ExtensibilityGlobals) = postSolution
		SolutionGuid = {752D64E6-201F-4676-853D-C1AC37D277B0}
	EndGlobalSection
EndGlobal
